<?xml version="1.0" encoding="UTF-8"?>
<!DOCTYPE plist PUBLIC "-//Apple//DTD PLIST 1.0//EN" "http://www.apple.com/DTDs/PropertyList-1.0.dtd">
<plist version="1.0">
<dict>
	<key>archiveVersion</key>
	<string>1</string>
	<key>classes</key>
	<dict/>
	<key>objectVersion</key>
	<string>46</string>
	<key>objects</key>
	<dict>
		<key>0D5E3500C93455EAFD0052C7</key>
		<dict>
			<key>includeInIndex</key>
			<string>1</string>
			<key>isa</key>
			<string>PBXFileReference</string>
			<key>lastKnownFileType</key>
			<string>text.xcconfig</string>
			<key>name</key>
			<string>Pods-vraveeo.release.xcconfig</string>
			<key>path</key>
			<string>Pods/Target Support Files/Pods-vraveeo/Pods-vraveeo.release.xcconfig</string>
			<key>sourceTree</key>
			<string>&lt;group&gt;</string>
		</dict>
		<key>29120D8C211018D514D508DC</key>
		<dict>
			<key>buildActionMask</key>
			<string>2147483647</string>
			<key>files</key>
			<array/>
			<key>inputPaths</key>
			<array/>
			<key>isa</key>
			<string>PBXShellScriptBuildPhase</string>
			<key>name</key>
			<string>Embed Pods Frameworks</string>
			<key>outputPaths</key>
			<array/>
			<key>runOnlyForDeploymentPostprocessing</key>
			<string>0</string>
			<key>shellPath</key>
			<string>/bin/sh</string>
			<key>shellScript</key>
			<string>"${SRCROOT}/Pods/Target Support Files/Pods-vraveeo/Pods-vraveeo-frameworks.sh"
</string>
			<key>showEnvVarsInLog</key>
			<string>0</string>
		</dict>
		<key>3F1B09DD0464C340B5EC2C39</key>
		<dict>
			<key>children</key>
			<array>
				<string>560ECC3B6E72049CA090AAFF</string>
			</array>
			<key>isa</key>
			<string>PBXGroup</string>
			<key>name</key>
			<string>Frameworks</string>
			<key>sourceTree</key>
			<string>&lt;group&gt;</string>
		</dict>
		<key>560ECC3B6E72049CA090AAFF</key>
		<dict>
			<key>explicitFileType</key>
			<string>wrapper.framework</string>
			<key>includeInIndex</key>
			<string>0</string>
			<key>isa</key>
			<string>PBXFileReference</string>
			<key>path</key>
			<string>Pods_vraveeo.framework</string>
			<key>sourceTree</key>
			<string>BUILT_PRODUCTS_DIR</string>
		</dict>
		<key>57135679E3619CA99DA1F18D</key>
		<dict>
			<key>fileRef</key>
			<string>560ECC3B6E72049CA090AAFF</string>
			<key>isa</key>
			<string>PBXBuildFile</string>
		</dict>
		<key>66098E991D0C8320008D262F</key>
		<dict>
			<key>fileEncoding</key>
			<string>4</string>
			<key>isa</key>
			<string>PBXFileReference</string>
			<key>lastKnownFileType</key>
			<string>sourcecode.swift</string>
			<key>path</key>
			<string>DetailViewController.swift</string>
			<key>sourceTree</key>
			<string>&lt;group&gt;</string>
		</dict>
		<key>66098E9A1D0C8320008D262F</key>
		<dict>
			<key>fileRef</key>
			<string>66098E991D0C8320008D262F</string>
			<key>isa</key>
			<string>PBXBuildFile</string>
		</dict>
		<key>66631CC31D0714D0007DDEB3</key>
		<dict>
			<key>children</key>
			<array>
				<string>66631CCE1D0714D0007DDEB3</string>
				<string>66631CE61D0714D1007DDEB3</string>
				<string>66631CF11D0714D1007DDEB3</string>
				<string>66631CCD1D0714D0007DDEB3</string>
				<string>66631D001D0719C5007DDEB3</string>
				<string>CDCFFCCC01B06BDB92B111E4</string>
				<string>3F1B09DD0464C340B5EC2C39</string>
			</array>
			<key>isa</key>
			<string>PBXGroup</string>
			<key>sourceTree</key>
			<string>&lt;group&gt;</string>
		</dict>
		<key>66631CC41D0714D0007DDEB3</key>
		<dict>
			<key>attributes</key>
			<dict>
				<key>LastSwiftUpdateCheck</key>
				<string>0730</string>
				<key>LastUpgradeCheck</key>
				<string>0730</string>
				<key>ORGANIZATIONNAME</key>
				<string>Agisilaos Tsaraboulidis</string>
				<key>TargetAttributes</key>
				<dict>
					<key>66631CCB1D0714D0007DDEB3</key>
					<dict>
						<key>CreatedOnToolsVersion</key>
						<string>7.3.1</string>
						<key>DevelopmentTeam</key>
						<string>S3MR9NWJT6</string>
					</dict>
					<key>66631CE21D0714D1007DDEB3</key>
					<dict>
						<key>CreatedOnToolsVersion</key>
						<string>7.3.1</string>
						<key>TestTargetID</key>
						<string>66631CCB1D0714D0007DDEB3</string>
					</dict>
					<key>66631CED1D0714D1007DDEB3</key>
					<dict>
						<key>CreatedOnToolsVersion</key>
						<string>7.3.1</string>
						<key>TestTargetID</key>
						<string>66631CCB1D0714D0007DDEB3</string>
					</dict>
				</dict>
			</dict>
			<key>buildConfigurationList</key>
			<string>66631CC71D0714D0007DDEB3</string>
			<key>compatibilityVersion</key>
			<string>Xcode 3.2</string>
			<key>developmentRegion</key>
			<string>English</string>
			<key>hasScannedForEncodings</key>
			<string>0</string>
			<key>isa</key>
			<string>PBXProject</string>
			<key>knownRegions</key>
			<array>
				<string>en</string>
				<string>Base</string>
			</array>
			<key>mainGroup</key>
			<string>66631CC31D0714D0007DDEB3</string>
			<key>productRefGroup</key>
			<string>66631CCD1D0714D0007DDEB3</string>
			<key>projectDirPath</key>
			<string></string>
			<key>projectReferences</key>
			<array/>
			<key>projectRoot</key>
			<string></string>
			<key>targets</key>
			<array>
				<string>66631CCB1D0714D0007DDEB3</string>
				<string>66631CE21D0714D1007DDEB3</string>
				<string>66631CED1D0714D1007DDEB3</string>
			</array>
		</dict>
		<key>66631CC71D0714D0007DDEB3</key>
		<dict>
			<key>buildConfigurations</key>
			<array>
				<string>66631CF51D0714D1007DDEB3</string>
				<string>66631CF61D0714D1007DDEB3</string>
			</array>
			<key>defaultConfigurationIsVisible</key>
			<string>0</string>
			<key>defaultConfigurationName</key>
			<string>Release</string>
			<key>isa</key>
			<string>XCConfigurationList</string>
		</dict>
		<key>66631CC81D0714D0007DDEB3</key>
		<dict>
			<key>buildActionMask</key>
			<string>2147483647</string>
			<key>files</key>
			<array>
				<string>66A7B0621D083D85000C8A87</string>
				<string>66631CD21D0714D1007DDEB3</string>
				<string>66FAB15F1D0DD2E400B83675</string>
				<string>66FB579C1D0B33990080CF59</string>
				<string>66098E9A1D0C8320008D262F</string>
				<string>6669611F1D118D4100E278ED</string>
				<string>66631CD81D0714D1007DDEB3</string>
				<string>66A236451D34BC1100AEB245</string>
				<string>66A236491D34C91C00AEB245</string>
				<string>66631CD01D0714D1007DDEB3</string>
			</array>
			<key>isa</key>
			<string>PBXSourcesBuildPhase</string>
			<key>runOnlyForDeploymentPostprocessing</key>
			<string>0</string>
		</dict>
		<key>66631CC91D0714D0007DDEB3</key>
		<dict>
			<key>buildActionMask</key>
			<string>2147483647</string>
			<key>files</key>
			<array>
				<string>667DD6711D086262001E2FE0</string>
				<string>667DD6741D086262001E2FE0</string>
				<string>667DD6721D086262001E2FE0</string>
				<string>57135679E3619CA99DA1F18D</string>
			</array>
			<key>isa</key>
			<string>PBXFrameworksBuildPhase</string>
			<key>runOnlyForDeploymentPostprocessing</key>
			<string>0</string>
		</dict>
		<key>66631CCA1D0714D0007DDEB3</key>
		<dict>
			<key>buildActionMask</key>
			<string>2147483647</string>
			<key>files</key>
			<array>
				<string>667DD6731D086262001E2FE0</string>
				<string>66631CDD1D0714D1007DDEB3</string>
				<string>66631D181D0719C5007DDEB3</string>
				<string>66631D1C1D0719C5007DDEB3</string>
				<string>66631D211D0719C5007DDEB3</string>
				<string>66631D1B1D0719C5007DDEB3</string>
				<string>66631D271D0719C5007DDEB3</string>
				<string>66631D1F1D0719C5007DDEB3</string>
				<string>66631D191D0719C5007DDEB3</string>
				<string>66631D221D0719C5007DDEB3</string>
				<string>66631D261D0719C5007DDEB3</string>
				<string>66BE01931D11FEF600F4009F</string>
				<string>66631D171D0719C5007DDEB3</string>
				<string>66631D1A1D0719C5007DDEB3</string>
				<string>66631D2A1D0719C5007DDEB3</string>
				<string>66631D201D0719C5007DDEB3</string>
				<string>66631D1E1D0719C5007DDEB3</string>
				<string>66631D291D0719C5007DDEB3</string>
				<string>667108921D0F095800E7F721</string>
				<string>66631D251D0719C5007DDEB3</string>
				<string>66631CDA1D0714D1007DDEB3</string>
				<string>66631D281D0719C5007DDEB3</string>
				<string>66631D231D0719C5007DDEB3</string>
				<string>66631CD51D0714D1007DDEB3</string>
				<string>66631D1D1D0719C5007DDEB3</string>
				<string>66631D241D0719C5007DDEB3</string>
				<string>66631D161D0719C5007DDEB3</string>
			</array>
			<key>isa</key>
			<string>PBXResourcesBuildPhase</string>
			<key>runOnlyForDeploymentPostprocessing</key>
			<string>0</string>
		</dict>
		<key>66631CCB1D0714D0007DDEB3</key>
		<dict>
			<key>buildConfigurationList</key>
			<string>66631CF71D0714D1007DDEB3</string>
			<key>buildPhases</key>
			<array>
				<string>6C1757DCD85FF41018296600</string>
				<string>66631CC81D0714D0007DDEB3</string>
				<string>66631CC91D0714D0007DDEB3</string>
				<string>66631CCA1D0714D0007DDEB3</string>
				<string>667DD66C1D086244001E2FE0</string>
				<string>29120D8C211018D514D508DC</string>
				<string>D17C4E96EA84E02F02FFF7AA</string>
			</array>
			<key>buildRules</key>
			<array/>
			<key>dependencies</key>
			<array/>
			<key>isa</key>
			<string>PBXNativeTarget</string>
			<key>name</key>
			<string>vraveeo</string>
			<key>productName</key>
			<string>vraveeo</string>
			<key>productReference</key>
			<string>66631CCC1D0714D0007DDEB3</string>
			<key>productType</key>
			<string>com.apple.product-type.application</string>
		</dict>
		<key>66631CCC1D0714D0007DDEB3</key>
		<dict>
			<key>explicitFileType</key>
			<string>wrapper.application</string>
			<key>includeInIndex</key>
			<string>0</string>
			<key>isa</key>
			<string>PBXFileReference</string>
			<key>path</key>
			<string>vraveeo.app</string>
			<key>sourceTree</key>
			<string>BUILT_PRODUCTS_DIR</string>
		</dict>
		<key>66631CCD1D0714D0007DDEB3</key>
		<dict>
			<key>children</key>
			<array>
				<string>66631CCC1D0714D0007DDEB3</string>
				<string>66631CE31D0714D1007DDEB3</string>
				<string>66631CEE1D0714D1007DDEB3</string>
			</array>
			<key>isa</key>
			<string>PBXGroup</string>
			<key>name</key>
			<string>Products</string>
			<key>sourceTree</key>
			<string>&lt;group&gt;</string>
		</dict>
		<key>66631CCE1D0714D0007DDEB3</key>
		<dict>
			<key>children</key>
			<array>
				<string>66A4EA591D11E5E900E91BF0</string>
				<string>66A7B0601D083D1E000C8A87</string>
				<string>66A7B05F1D083CB7000C8A87</string>
				<string>66A7B05E1D083C9C000C8A87</string>
				<string>66631CCF1D0714D0007DDEB3</string>
			</array>
			<key>isa</key>
			<string>PBXGroup</string>
			<key>path</key>
			<string>vraveeo</string>
			<key>sourceTree</key>
			<string>&lt;group&gt;</string>
		</dict>
		<key>66631CCF1D0714D0007DDEB3</key>
		<dict>
			<key>isa</key>
			<string>PBXFileReference</string>
			<key>lastKnownFileType</key>
			<string>sourcecode.swift</string>
			<key>path</key>
			<string>AppDelegate.swift</string>
			<key>sourceTree</key>
			<string>&lt;group&gt;</string>
		</dict>
		<key>66631CD01D0714D1007DDEB3</key>
		<dict>
			<key>fileRef</key>
			<string>66631CCF1D0714D0007DDEB3</string>
			<key>isa</key>
			<string>PBXBuildFile</string>
		</dict>
		<key>66631CD11D0714D1007DDEB3</key>
		<dict>
			<key>isa</key>
			<string>PBXFileReference</string>
			<key>lastKnownFileType</key>
			<string>sourcecode.swift</string>
			<key>name</key>
			<string>ViewController.swift</string>
			<key>path</key>
			<string>../../ViewController.swift</string>
			<key>sourceTree</key>
			<string>&lt;group&gt;</string>
		</dict>
		<key>66631CD21D0714D1007DDEB3</key>
		<dict>
			<key>fileRef</key>
			<string>66631CD11D0714D1007DDEB3</string>
			<key>isa</key>
			<string>PBXBuildFile</string>
		</dict>
		<key>66631CD31D0714D1007DDEB3</key>
		<dict>
			<key>children</key>
			<array>
				<string>66631CD41D0714D1007DDEB3</string>
			</array>
			<key>isa</key>
			<string>PBXVariantGroup</string>
			<key>name</key>
			<string>Main.storyboard</string>
			<key>path</key>
			<string>..</string>
			<key>sourceTree</key>
			<string>&lt;group&gt;</string>
		</dict>
		<key>66631CD41D0714D1007DDEB3</key>
		<dict>
			<key>isa</key>
			<string>PBXFileReference</string>
			<key>lastKnownFileType</key>
			<string>file.storyboard</string>
			<key>name</key>
			<string>Base</string>
			<key>path</key>
			<string>Base.lproj/Main.storyboard</string>
			<key>sourceTree</key>
			<string>&lt;group&gt;</string>
		</dict>
		<key>66631CD51D0714D1007DDEB3</key>
		<dict>
			<key>fileRef</key>
			<string>66631CD31D0714D1007DDEB3</string>
			<key>isa</key>
			<string>PBXBuildFile</string>
		</dict>
		<key>66631CD61D0714D1007DDEB3</key>
		<dict>
			<key>children</key>
			<array>
				<string>66631CD71D0714D1007DDEB3</string>
			</array>
			<key>currentVersion</key>
			<string>66631CD71D0714D1007DDEB3</string>
			<key>isa</key>
			<string>XCVersionGroup</string>
			<key>name</key>
			<string>vraveeo.xcdatamodeld</string>
			<key>path</key>
			<string>../vraveeo.xcdatamodeld</string>
			<key>sourceTree</key>
			<string>&lt;group&gt;</string>
			<key>versionGroupType</key>
			<string>wrapper.xcdatamodel</string>
		</dict>
		<key>66631CD71D0714D1007DDEB3</key>
		<dict>
			<key>isa</key>
			<string>PBXFileReference</string>
			<key>lastKnownFileType</key>
			<string>wrapper.xcdatamodel</string>
			<key>path</key>
			<string>vraveeo.xcdatamodel</string>
			<key>sourceTree</key>
			<string>&lt;group&gt;</string>
		</dict>
		<key>66631CD81D0714D1007DDEB3</key>
		<dict>
			<key>fileRef</key>
			<string>66631CD61D0714D1007DDEB3</string>
			<key>isa</key>
			<string>PBXBuildFile</string>
		</dict>
		<key>66631CD91D0714D1007DDEB3</key>
		<dict>
			<key>isa</key>
			<string>PBXFileReference</string>
			<key>lastKnownFileType</key>
			<string>folder.assetcatalog</string>
			<key>name</key>
			<string>Assets.xcassets</string>
			<key>path</key>
			<string>vraveeo/Assets.xcassets</string>
			<key>sourceTree</key>
			<string>SOURCE_ROOT</string>
		</dict>
		<key>66631CDA1D0714D1007DDEB3</key>
		<dict>
			<key>fileRef</key>
			<string>66631CD91D0714D1007DDEB3</string>
			<key>isa</key>
			<string>PBXBuildFile</string>
		</dict>
		<key>66631CDB1D0714D1007DDEB3</key>
		<dict>
			<key>children</key>
			<array>
				<string>66631CDC1D0714D1007DDEB3</string>
			</array>
			<key>isa</key>
			<string>PBXVariantGroup</string>
			<key>name</key>
			<string>LaunchScreen.storyboard</string>
			<key>path</key>
			<string>..</string>
			<key>sourceTree</key>
			<string>&lt;group&gt;</string>
		</dict>
		<key>66631CDC1D0714D1007DDEB3</key>
		<dict>
			<key>isa</key>
			<string>PBXFileReference</string>
			<key>lastKnownFileType</key>
			<string>file.storyboard</string>
			<key>name</key>
			<string>Base</string>
			<key>path</key>
			<string>Base.lproj/LaunchScreen.storyboard</string>
			<key>sourceTree</key>
			<string>&lt;group&gt;</string>
		</dict>
		<key>66631CDD1D0714D1007DDEB3</key>
		<dict>
			<key>fileRef</key>
			<string>66631CDB1D0714D1007DDEB3</string>
			<key>isa</key>
			<string>PBXBuildFile</string>
		</dict>
		<key>66631CDE1D0714D1007DDEB3</key>
		<dict>
			<key>isa</key>
			<string>PBXFileReference</string>
			<key>lastKnownFileType</key>
			<string>text.plist.xml</string>
			<key>name</key>
			<string>Info.plist</string>
			<key>path</key>
			<string>../Info.plist</string>
			<key>sourceTree</key>
			<string>&lt;group&gt;</string>
		</dict>
		<key>66631CDF1D0714D1007DDEB3</key>
		<dict>
			<key>buildActionMask</key>
			<string>2147483647</string>
			<key>files</key>
			<array>
				<string>66631CE81D0714D1007DDEB3</string>
			</array>
			<key>isa</key>
			<string>PBXSourcesBuildPhase</string>
			<key>runOnlyForDeploymentPostprocessing</key>
			<string>0</string>
		</dict>
		<key>66631CE01D0714D1007DDEB3</key>
		<dict>
			<key>buildActionMask</key>
			<string>2147483647</string>
			<key>files</key>
			<array/>
			<key>isa</key>
			<string>PBXFrameworksBuildPhase</string>
			<key>runOnlyForDeploymentPostprocessing</key>
			<string>0</string>
		</dict>
		<key>66631CE11D0714D1007DDEB3</key>
		<dict>
			<key>buildActionMask</key>
			<string>2147483647</string>
			<key>files</key>
			<array/>
			<key>isa</key>
			<string>PBXResourcesBuildPhase</string>
			<key>runOnlyForDeploymentPostprocessing</key>
			<string>0</string>
		</dict>
		<key>66631CE21D0714D1007DDEB3</key>
		<dict>
			<key>buildConfigurationList</key>
			<string>66631CFA1D0714D1007DDEB3</string>
			<key>buildPhases</key>
			<array>
				<string>66631CDF1D0714D1007DDEB3</string>
				<string>66631CE01D0714D1007DDEB3</string>
				<string>66631CE11D0714D1007DDEB3</string>
			</array>
			<key>buildRules</key>
			<array/>
			<key>dependencies</key>
			<array>
				<string>66631CE51D0714D1007DDEB3</string>
			</array>
			<key>isa</key>
			<string>PBXNativeTarget</string>
			<key>name</key>
			<string>vraveeoTests</string>
			<key>productName</key>
			<string>vraveeoTests</string>
			<key>productReference</key>
			<string>66631CE31D0714D1007DDEB3</string>
			<key>productType</key>
			<string>com.apple.product-type.bundle.unit-test</string>
		</dict>
		<key>66631CE31D0714D1007DDEB3</key>
		<dict>
			<key>explicitFileType</key>
			<string>wrapper.cfbundle</string>
			<key>includeInIndex</key>
			<string>0</string>
			<key>isa</key>
			<string>PBXFileReference</string>
			<key>path</key>
			<string>vraveeoTests.xctest</string>
			<key>sourceTree</key>
			<string>BUILT_PRODUCTS_DIR</string>
		</dict>
		<key>66631CE41D0714D1007DDEB3</key>
		<dict>
			<key>containerPortal</key>
			<string>66631CC41D0714D0007DDEB3</string>
			<key>isa</key>
			<string>PBXContainerItemProxy</string>
			<key>proxyType</key>
			<string>1</string>
			<key>remoteGlobalIDString</key>
			<string>66631CCB1D0714D0007DDEB3</string>
			<key>remoteInfo</key>
			<string>vraveeo</string>
		</dict>
		<key>66631CE51D0714D1007DDEB3</key>
		<dict>
			<key>isa</key>
			<string>PBXTargetDependency</string>
			<key>target</key>
			<string>66631CCB1D0714D0007DDEB3</string>
			<key>targetProxy</key>
			<string>66631CE41D0714D1007DDEB3</string>
		</dict>
		<key>66631CE61D0714D1007DDEB3</key>
		<dict>
			<key>children</key>
			<array>
				<string>66631CE71D0714D1007DDEB3</string>
				<string>66631CE91D0714D1007DDEB3</string>
			</array>
			<key>isa</key>
			<string>PBXGroup</string>
			<key>path</key>
			<string>vraveeoTests</string>
			<key>sourceTree</key>
			<string>&lt;group&gt;</string>
		</dict>
		<key>66631CE71D0714D1007DDEB3</key>
		<dict>
			<key>isa</key>
			<string>PBXFileReference</string>
			<key>lastKnownFileType</key>
			<string>sourcecode.swift</string>
			<key>path</key>
			<string>vraveeoTests.swift</string>
			<key>sourceTree</key>
			<string>&lt;group&gt;</string>
		</dict>
		<key>66631CE81D0714D1007DDEB3</key>
		<dict>
			<key>fileRef</key>
			<string>66631CE71D0714D1007DDEB3</string>
			<key>isa</key>
			<string>PBXBuildFile</string>
		</dict>
		<key>66631CE91D0714D1007DDEB3</key>
		<dict>
			<key>isa</key>
			<string>PBXFileReference</string>
			<key>lastKnownFileType</key>
			<string>text.plist.xml</string>
			<key>path</key>
			<string>Info.plist</string>
			<key>sourceTree</key>
			<string>&lt;group&gt;</string>
		</dict>
		<key>66631CEA1D0714D1007DDEB3</key>
		<dict>
			<key>buildActionMask</key>
			<string>2147483647</string>
			<key>files</key>
			<array>
				<string>66631CF31D0714D1007DDEB3</string>
			</array>
			<key>isa</key>
			<string>PBXSourcesBuildPhase</string>
			<key>runOnlyForDeploymentPostprocessing</key>
			<string>0</string>
		</dict>
		<key>66631CEB1D0714D1007DDEB3</key>
		<dict>
			<key>buildActionMask</key>
			<string>2147483647</string>
			<key>files</key>
			<array/>
			<key>isa</key>
			<string>PBXFrameworksBuildPhase</string>
			<key>runOnlyForDeploymentPostprocessing</key>
			<string>0</string>
		</dict>
		<key>66631CEC1D0714D1007DDEB3</key>
		<dict>
			<key>buildActionMask</key>
			<string>2147483647</string>
			<key>files</key>
			<array/>
			<key>isa</key>
			<string>PBXResourcesBuildPhase</string>
			<key>runOnlyForDeploymentPostprocessing</key>
			<string>0</string>
		</dict>
		<key>66631CED1D0714D1007DDEB3</key>
		<dict>
			<key>buildConfigurationList</key>
			<string>66631CFD1D0714D1007DDEB3</string>
			<key>buildPhases</key>
			<array>
				<string>66631CEA1D0714D1007DDEB3</string>
				<string>66631CEB1D0714D1007DDEB3</string>
				<string>66631CEC1D0714D1007DDEB3</string>
			</array>
			<key>buildRules</key>
			<array/>
			<key>dependencies</key>
			<array>
				<string>66631CF01D0714D1007DDEB3</string>
			</array>
			<key>isa</key>
			<string>PBXNativeTarget</string>
			<key>name</key>
			<string>vraveeoUITests</string>
			<key>productName</key>
			<string>vraveeoUITests</string>
			<key>productReference</key>
			<string>66631CEE1D0714D1007DDEB3</string>
			<key>productType</key>
			<string>com.apple.product-type.bundle.ui-testing</string>
		</dict>
		<key>66631CEE1D0714D1007DDEB3</key>
		<dict>
			<key>explicitFileType</key>
			<string>wrapper.cfbundle</string>
			<key>includeInIndex</key>
			<string>0</string>
			<key>isa</key>
			<string>PBXFileReference</string>
			<key>path</key>
			<string>vraveeoUITests.xctest</string>
			<key>sourceTree</key>
			<string>BUILT_PRODUCTS_DIR</string>
		</dict>
		<key>66631CEF1D0714D1007DDEB3</key>
		<dict>
			<key>containerPortal</key>
			<string>66631CC41D0714D0007DDEB3</string>
			<key>isa</key>
			<string>PBXContainerItemProxy</string>
			<key>proxyType</key>
			<string>1</string>
			<key>remoteGlobalIDString</key>
			<string>66631CCB1D0714D0007DDEB3</string>
			<key>remoteInfo</key>
			<string>vraveeo</string>
		</dict>
		<key>66631CF01D0714D1007DDEB3</key>
		<dict>
			<key>isa</key>
			<string>PBXTargetDependency</string>
			<key>target</key>
			<string>66631CCB1D0714D0007DDEB3</string>
			<key>targetProxy</key>
			<string>66631CEF1D0714D1007DDEB3</string>
		</dict>
		<key>66631CF11D0714D1007DDEB3</key>
		<dict>
			<key>children</key>
			<array>
				<string>66631CF21D0714D1007DDEB3</string>
				<string>66631CF41D0714D1007DDEB3</string>
			</array>
			<key>isa</key>
			<string>PBXGroup</string>
			<key>path</key>
			<string>vraveeoUITests</string>
			<key>sourceTree</key>
			<string>&lt;group&gt;</string>
		</dict>
		<key>66631CF21D0714D1007DDEB3</key>
		<dict>
			<key>isa</key>
			<string>PBXFileReference</string>
			<key>lastKnownFileType</key>
			<string>sourcecode.swift</string>
			<key>path</key>
			<string>vraveeoUITests.swift</string>
			<key>sourceTree</key>
			<string>&lt;group&gt;</string>
		</dict>
		<key>66631CF31D0714D1007DDEB3</key>
		<dict>
			<key>fileRef</key>
			<string>66631CF21D0714D1007DDEB3</string>
			<key>isa</key>
			<string>PBXBuildFile</string>
		</dict>
		<key>66631CF41D0714D1007DDEB3</key>
		<dict>
			<key>isa</key>
			<string>PBXFileReference</string>
			<key>lastKnownFileType</key>
			<string>text.plist.xml</string>
			<key>path</key>
			<string>Info.plist</string>
			<key>sourceTree</key>
			<string>&lt;group&gt;</string>
		</dict>
		<key>66631CF51D0714D1007DDEB3</key>
		<dict>
			<key>buildSettings</key>
			<dict>
				<key>ALWAYS_SEARCH_USER_PATHS</key>
				<string>NO</string>
				<key>CLANG_ANALYZER_NONNULL</key>
				<string>YES</string>
				<key>CLANG_CXX_LANGUAGE_STANDARD</key>
				<string>gnu++0x</string>
				<key>CLANG_CXX_LIBRARY</key>
				<string>libc++</string>
				<key>CLANG_ENABLE_MODULES</key>
				<string>YES</string>
				<key>CLANG_ENABLE_OBJC_ARC</key>
				<string>YES</string>
				<key>CLANG_WARN_BOOL_CONVERSION</key>
				<string>YES</string>
				<key>CLANG_WARN_CONSTANT_CONVERSION</key>
				<string>YES</string>
				<key>CLANG_WARN_DIRECT_OBJC_ISA_USAGE</key>
				<string>YES_ERROR</string>
				<key>CLANG_WARN_EMPTY_BODY</key>
				<string>YES</string>
				<key>CLANG_WARN_ENUM_CONVERSION</key>
				<string>YES</string>
				<key>CLANG_WARN_INT_CONVERSION</key>
				<string>YES</string>
				<key>CLANG_WARN_OBJC_ROOT_CLASS</key>
				<string>YES_ERROR</string>
				<key>CLANG_WARN_UNREACHABLE_CODE</key>
				<string>YES</string>
				<key>CLANG_WARN__DUPLICATE_METHOD_MATCH</key>
				<string>YES</string>
				<key>CODE_SIGN_IDENTITY[sdk=iphoneos*]</key>
				<string>iPhone Developer</string>
				<key>COPY_PHASE_STRIP</key>
				<string>NO</string>
				<key>DEBUG_INFORMATION_FORMAT</key>
				<string>dwarf</string>
				<key>ENABLE_STRICT_OBJC_MSGSEND</key>
				<string>YES</string>
				<key>ENABLE_TESTABILITY</key>
				<string>YES</string>
				<key>GCC_C_LANGUAGE_STANDARD</key>
				<string>gnu99</string>
				<key>GCC_DYNAMIC_NO_PIC</key>
				<string>NO</string>
				<key>GCC_NO_COMMON_BLOCKS</key>
				<string>YES</string>
				<key>GCC_OPTIMIZATION_LEVEL</key>
				<string>0</string>
				<key>GCC_PREPROCESSOR_DEFINITIONS</key>
				<array>
					<string>DEBUG=1</string>
					<string>$(inherited)</string>
				</array>
				<key>GCC_WARN_64_TO_32_BIT_CONVERSION</key>
				<string>YES</string>
				<key>GCC_WARN_ABOUT_RETURN_TYPE</key>
				<string>YES_ERROR</string>
				<key>GCC_WARN_UNDECLARED_SELECTOR</key>
				<string>YES</string>
				<key>GCC_WARN_UNINITIALIZED_AUTOS</key>
				<string>YES_AGGRESSIVE</string>
				<key>GCC_WARN_UNUSED_FUNCTION</key>
				<string>YES</string>
				<key>GCC_WARN_UNUSED_VARIABLE</key>
				<string>YES</string>
				<key>IPHONEOS_DEPLOYMENT_TARGET</key>
				<string>9.3</string>
				<key>MTL_ENABLE_DEBUG_INFO</key>
				<string>YES</string>
				<key>ONLY_ACTIVE_ARCH</key>
				<string>YES</string>
				<key>SDKROOT</key>
				<string>iphoneos</string>
				<key>SWIFT_OPTIMIZATION_LEVEL</key>
				<string>-Onone</string>
				<key>TARGETED_DEVICE_FAMILY</key>
				<string>1,2</string>
			</dict>
			<key>isa</key>
			<string>XCBuildConfiguration</string>
			<key>name</key>
			<string>Debug</string>
		</dict>
		<key>66631CF61D0714D1007DDEB3</key>
		<dict>
			<key>buildSettings</key>
			<dict>
				<key>ALWAYS_SEARCH_USER_PATHS</key>
				<string>NO</string>
				<key>CLANG_ANALYZER_NONNULL</key>
				<string>YES</string>
				<key>CLANG_CXX_LANGUAGE_STANDARD</key>
				<string>gnu++0x</string>
				<key>CLANG_CXX_LIBRARY</key>
				<string>libc++</string>
				<key>CLANG_ENABLE_MODULES</key>
				<string>YES</string>
				<key>CLANG_ENABLE_OBJC_ARC</key>
				<string>YES</string>
				<key>CLANG_WARN_BOOL_CONVERSION</key>
				<string>YES</string>
				<key>CLANG_WARN_CONSTANT_CONVERSION</key>
				<string>YES</string>
				<key>CLANG_WARN_DIRECT_OBJC_ISA_USAGE</key>
				<string>YES_ERROR</string>
				<key>CLANG_WARN_EMPTY_BODY</key>
				<string>YES</string>
				<key>CLANG_WARN_ENUM_CONVERSION</key>
				<string>YES</string>
				<key>CLANG_WARN_INT_CONVERSION</key>
				<string>YES</string>
				<key>CLANG_WARN_OBJC_ROOT_CLASS</key>
				<string>YES_ERROR</string>
				<key>CLANG_WARN_UNREACHABLE_CODE</key>
				<string>YES</string>
				<key>CLANG_WARN__DUPLICATE_METHOD_MATCH</key>
				<string>YES</string>
				<key>CODE_SIGN_IDENTITY[sdk=iphoneos*]</key>
				<string>iPhone Developer</string>
				<key>COPY_PHASE_STRIP</key>
				<string>NO</string>
				<key>DEBUG_INFORMATION_FORMAT</key>
				<string>dwarf-with-dsym</string>
				<key>ENABLE_NS_ASSERTIONS</key>
				<string>NO</string>
				<key>ENABLE_STRICT_OBJC_MSGSEND</key>
				<string>YES</string>
				<key>GCC_C_LANGUAGE_STANDARD</key>
				<string>gnu99</string>
				<key>GCC_NO_COMMON_BLOCKS</key>
				<string>YES</string>
				<key>GCC_WARN_64_TO_32_BIT_CONVERSION</key>
				<string>YES</string>
				<key>GCC_WARN_ABOUT_RETURN_TYPE</key>
				<string>YES_ERROR</string>
				<key>GCC_WARN_UNDECLARED_SELECTOR</key>
				<string>YES</string>
				<key>GCC_WARN_UNINITIALIZED_AUTOS</key>
				<string>YES_AGGRESSIVE</string>
				<key>GCC_WARN_UNUSED_FUNCTION</key>
				<string>YES</string>
				<key>GCC_WARN_UNUSED_VARIABLE</key>
				<string>YES</string>
				<key>IPHONEOS_DEPLOYMENT_TARGET</key>
				<string>9.3</string>
				<key>MTL_ENABLE_DEBUG_INFO</key>
				<string>NO</string>
				<key>SDKROOT</key>
				<string>iphoneos</string>
				<key>TARGETED_DEVICE_FAMILY</key>
				<string>1,2</string>
				<key>VALIDATE_PRODUCT</key>
				<string>YES</string>
			</dict>
			<key>isa</key>
			<string>XCBuildConfiguration</string>
			<key>name</key>
			<string>Release</string>
		</dict>
		<key>66631CF71D0714D1007DDEB3</key>
		<dict>
			<key>buildConfigurations</key>
			<array>
				<string>66631CF81D0714D1007DDEB3</string>
				<string>66631CF91D0714D1007DDEB3</string>
			</array>
			<key>defaultConfigurationIsVisible</key>
			<string>0</string>
			<key>defaultConfigurationName</key>
			<string>Release</string>
			<key>isa</key>
			<string>XCConfigurationList</string>
		</dict>
		<key>66631CF81D0714D1007DDEB3</key>
		<dict>
			<key>baseConfigurationReference</key>
			<string>F6DC095E7CD67464CC1C5D45</string>
			<key>buildSettings</key>
			<dict>
				<key>ASSETCATALOG_COMPILER_APPICON_NAME</key>
				<string>AppIcon</string>
				<key>CODE_SIGN_IDENTITY</key>
				<string>iPhone Developer</string>
				<key>DEBUG_INFORMATION_FORMAT</key>
				<string>dwarf-with-dsym</string>
				<key>FRAMEWORK_SEARCH_PATHS</key>
				<array>
					<string>$(inherited)</string>
					<string>$(PROJECT_DIR)/vraveeo</string>
					<string>$(PROJECT_DIR)</string>
				</array>
				<key>INFOPLIST_FILE</key>
				<string>vraveeo/Info.plist</string>
				<key>LD_RUNPATH_SEARCH_PATHS</key>
				<string>$(inherited) @executable_path/Frameworks</string>
				<key>PRODUCT_BUNDLE_IDENTIFIER</key>
				<string>com.AgisilaosTsaraboulidis.vraveeo</string>
				<key>PRODUCT_NAME</key>
				<string>$(TARGET_NAME)</string>
				<key>TARGETED_DEVICE_FAMILY</key>
				<string>1</string>
			</dict>
			<key>isa</key>
			<string>XCBuildConfiguration</string>
			<key>name</key>
			<string>Debug</string>
		</dict>
		<key>66631CF91D0714D1007DDEB3</key>
		<dict>
			<key>baseConfigurationReference</key>
			<string>0D5E3500C93455EAFD0052C7</string>
			<key>buildSettings</key>
			<dict>
				<key>ASSETCATALOG_COMPILER_APPICON_NAME</key>
				<string>AppIcon</string>
				<key>CODE_SIGN_IDENTITY</key>
				<string>iPhone Developer</string>
				<key>FRAMEWORK_SEARCH_PATHS</key>
				<array>
					<string>$(inherited)</string>
					<string>$(PROJECT_DIR)/vraveeo</string>
					<string>$(PROJECT_DIR)</string>
				</array>
				<key>INFOPLIST_FILE</key>
				<string>vraveeo/Info.plist</string>
				<key>LD_RUNPATH_SEARCH_PATHS</key>
				<string>$(inherited) @executable_path/Frameworks</string>
				<key>PRODUCT_BUNDLE_IDENTIFIER</key>
				<string>com.AgisilaosTsaraboulidis.vraveeo</string>
				<key>PRODUCT_NAME</key>
				<string>$(TARGET_NAME)</string>
				<key>TARGETED_DEVICE_FAMILY</key>
				<string>1</string>
			</dict>
			<key>isa</key>
			<string>XCBuildConfiguration</string>
			<key>name</key>
			<string>Release</string>
		</dict>
		<key>66631CFA1D0714D1007DDEB3</key>
		<dict>
			<key>buildConfigurations</key>
			<array>
				<string>66631CFB1D0714D1007DDEB3</string>
				<string>66631CFC1D0714D1007DDEB3</string>
			</array>
			<key>defaultConfigurationIsVisible</key>
			<string>0</string>
			<key>defaultConfigurationName</key>
			<string>Release</string>
			<key>isa</key>
			<string>XCConfigurationList</string>
		</dict>
		<key>66631CFB1D0714D1007DDEB3</key>
		<dict>
			<key>buildSettings</key>
			<dict>
				<key>BUNDLE_LOADER</key>
				<string>$(TEST_HOST)</string>
				<key>INFOPLIST_FILE</key>
				<string>vraveeoTests/Info.plist</string>
				<key>LD_RUNPATH_SEARCH_PATHS</key>
				<string>$(inherited) @executable_path/Frameworks @loader_path/Frameworks</string>
				<key>PRODUCT_BUNDLE_IDENTIFIER</key>
				<string>com.AgisilaosTsaraboulidis.vraveeoTests</string>
				<key>PRODUCT_NAME</key>
				<string>$(TARGET_NAME)</string>
				<key>TEST_HOST</key>
				<string>$(BUILT_PRODUCTS_DIR)/vraveeo.app/vraveeo</string>
			</dict>
			<key>isa</key>
			<string>XCBuildConfiguration</string>
			<key>name</key>
			<string>Debug</string>
		</dict>
		<key>66631CFC1D0714D1007DDEB3</key>
		<dict>
			<key>buildSettings</key>
			<dict>
				<key>BUNDLE_LOADER</key>
				<string>$(TEST_HOST)</string>
				<key>INFOPLIST_FILE</key>
				<string>vraveeoTests/Info.plist</string>
				<key>LD_RUNPATH_SEARCH_PATHS</key>
				<string>$(inherited) @executable_path/Frameworks @loader_path/Frameworks</string>
				<key>PRODUCT_BUNDLE_IDENTIFIER</key>
				<string>com.AgisilaosTsaraboulidis.vraveeoTests</string>
				<key>PRODUCT_NAME</key>
				<string>$(TARGET_NAME)</string>
				<key>TEST_HOST</key>
				<string>$(BUILT_PRODUCTS_DIR)/vraveeo.app/vraveeo</string>
			</dict>
			<key>isa</key>
			<string>XCBuildConfiguration</string>
			<key>name</key>
			<string>Release</string>
		</dict>
		<key>66631CFD1D0714D1007DDEB3</key>
		<dict>
			<key>buildConfigurations</key>
			<array>
				<string>66631CFE1D0714D1007DDEB3</string>
				<string>66631CFF1D0714D1007DDEB3</string>
			</array>
			<key>defaultConfigurationIsVisible</key>
			<string>0</string>
			<key>defaultConfigurationName</key>
			<string>Release</string>
			<key>isa</key>
			<string>XCConfigurationList</string>
		</dict>
		<key>66631CFE1D0714D1007DDEB3</key>
		<dict>
			<key>buildSettings</key>
			<dict>
				<key>INFOPLIST_FILE</key>
				<string>vraveeoUITests/Info.plist</string>
				<key>LD_RUNPATH_SEARCH_PATHS</key>
				<string>$(inherited) @executable_path/Frameworks @loader_path/Frameworks</string>
				<key>PRODUCT_BUNDLE_IDENTIFIER</key>
				<string>com.AgisilaosTsaraboulidis.vraveeoUITests</string>
				<key>PRODUCT_NAME</key>
				<string>$(TARGET_NAME)</string>
				<key>TEST_TARGET_NAME</key>
				<string>vraveeo</string>
			</dict>
			<key>isa</key>
			<string>XCBuildConfiguration</string>
			<key>name</key>
			<string>Debug</string>
		</dict>
		<key>66631CFF1D0714D1007DDEB3</key>
		<dict>
			<key>buildSettings</key>
			<dict>
				<key>INFOPLIST_FILE</key>
				<string>vraveeoUITests/Info.plist</string>
				<key>LD_RUNPATH_SEARCH_PATHS</key>
				<string>$(inherited) @executable_path/Frameworks @loader_path/Frameworks</string>
				<key>PRODUCT_BUNDLE_IDENTIFIER</key>
				<string>com.AgisilaosTsaraboulidis.vraveeoUITests</string>
				<key>PRODUCT_NAME</key>
				<string>$(TARGET_NAME)</string>
				<key>TEST_TARGET_NAME</key>
				<string>vraveeo</string>
			</dict>
			<key>isa</key>
			<string>XCBuildConfiguration</string>
			<key>name</key>
			<string>Release</string>
		</dict>
		<key>66631D001D0719C5007DDEB3</key>
		<dict>
			<key>children</key>
			<array>
				<string>66631D011D0719C5007DDEB3</string>
				<string>66631D021D0719C5007DDEB3</string>
				<string>66631D031D0719C5007DDEB3</string>
				<string>66631D041D0719C5007DDEB3</string>
				<string>66631D051D0719C5007DDEB3</string>
				<string>66631D061D0719C5007DDEB3</string>
				<string>66631D071D0719C5007DDEB3</string>
				<string>66631D081D0719C5007DDEB3</string>
				<string>66631D091D0719C5007DDEB3</string>
				<string>66631D0A1D0719C5007DDEB3</string>
				<string>66631D0B1D0719C5007DDEB3</string>
				<string>66631D0C1D0719C5007DDEB3</string>
				<string>66631D0D1D0719C5007DDEB3</string>
				<string>66631D0E1D0719C5007DDEB3</string>
				<string>66631D0F1D0719C5007DDEB3</string>
				<string>66631D101D0719C5007DDEB3</string>
				<string>66631D111D0719C5007DDEB3</string>
				<string>66631D121D0719C5007DDEB3</string>
				<string>66631D131D0719C5007DDEB3</string>
				<string>66631D141D0719C5007DDEB3</string>
				<string>66631D151D0719C5007DDEB3</string>
			</array>
			<key>isa</key>
			<string>PBXGroup</string>
			<key>name</key>
			<string>SF-UI</string>
			<key>path</key>
			<string>vraveeo/SF-UI</string>
			<key>sourceTree</key>
			<string>&lt;group&gt;</string>
		</dict>
		<key>66631D011D0719C5007DDEB3</key>
		<dict>
			<key>isa</key>
			<string>PBXFileReference</string>
			<key>lastKnownFileType</key>
			<string>file</string>
			<key>path</key>
			<string>SF-UI-Display-Black.otf</string>
			<key>sourceTree</key>
			<string>&lt;group&gt;</string>
		</dict>
		<key>66631D021D0719C5007DDEB3</key>
		<dict>
			<key>isa</key>
			<string>PBXFileReference</string>
			<key>lastKnownFileType</key>
			<string>file</string>
			<key>path</key>
			<string>SF-UI-Display-Bold.otf</string>
			<key>sourceTree</key>
			<string>&lt;group&gt;</string>
		</dict>
		<key>66631D031D0719C5007DDEB3</key>
		<dict>
			<key>isa</key>
			<string>PBXFileReference</string>
			<key>lastKnownFileType</key>
			<string>file</string>
			<key>path</key>
			<string>SF-UI-Display-Heavy.otf</string>
			<key>sourceTree</key>
			<string>&lt;group&gt;</string>
		</dict>
		<key>66631D041D0719C5007DDEB3</key>
		<dict>
			<key>isa</key>
			<string>PBXFileReference</string>
			<key>lastKnownFileType</key>
			<string>file</string>
			<key>path</key>
			<string>SF-UI-Display-Light.otf</string>
			<key>sourceTree</key>
			<string>&lt;group&gt;</string>
		</dict>
		<key>66631D051D0719C5007DDEB3</key>
		<dict>
			<key>isa</key>
			<string>PBXFileReference</string>
			<key>lastKnownFileType</key>
			<string>file</string>
			<key>path</key>
			<string>SF-UI-Display-Medium.otf</string>
			<key>sourceTree</key>
			<string>&lt;group&gt;</string>
		</dict>
		<key>66631D061D0719C5007DDEB3</key>
		<dict>
			<key>isa</key>
			<string>PBXFileReference</string>
			<key>lastKnownFileType</key>
			<string>file</string>
			<key>path</key>
			<string>SF-UI-Display-Regular.otf</string>
			<key>sourceTree</key>
			<string>&lt;group&gt;</string>
		</dict>
		<key>66631D071D0719C5007DDEB3</key>
		<dict>
			<key>isa</key>
			<string>PBXFileReference</string>
			<key>lastKnownFileType</key>
			<string>file</string>
			<key>path</key>
			<string>SF-UI-Display-Semibold.otf</string>
			<key>sourceTree</key>
			<string>&lt;group&gt;</string>
		</dict>
		<key>66631D081D0719C5007DDEB3</key>
		<dict>
			<key>isa</key>
			<string>PBXFileReference</string>
			<key>lastKnownFileType</key>
			<string>file</string>
			<key>path</key>
			<string>SF-UI-Display-Thin.otf</string>
			<key>sourceTree</key>
			<string>&lt;group&gt;</string>
		</dict>
		<key>66631D091D0719C5007DDEB3</key>
		<dict>
			<key>isa</key>
			<string>PBXFileReference</string>
			<key>lastKnownFileType</key>
			<string>file</string>
			<key>path</key>
			<string>SF-UI-Display-Ultralight.otf</string>
			<key>sourceTree</key>
			<string>&lt;group&gt;</string>
		</dict>
		<key>66631D0A1D0719C5007DDEB3</key>
		<dict>
			<key>isa</key>
			<string>PBXFileReference</string>
			<key>lastKnownFileType</key>
			<string>file</string>
			<key>path</key>
			<string>SF-UI-Text-Bold.otf</string>
			<key>sourceTree</key>
			<string>&lt;group&gt;</string>
		</dict>
		<key>66631D0B1D0719C5007DDEB3</key>
		<dict>
			<key>isa</key>
			<string>PBXFileReference</string>
			<key>lastKnownFileType</key>
			<string>file</string>
			<key>path</key>
			<string>SF-UI-Text-BoldItalic.otf</string>
			<key>sourceTree</key>
			<string>&lt;group&gt;</string>
		</dict>
		<key>66631D0C1D0719C5007DDEB3</key>
		<dict>
			<key>isa</key>
			<string>PBXFileReference</string>
			<key>lastKnownFileType</key>
			<string>file</string>
			<key>path</key>
			<string>SF-UI-Text-Heavy.otf</string>
			<key>sourceTree</key>
			<string>&lt;group&gt;</string>
		</dict>
		<key>66631D0D1D0719C5007DDEB3</key>
		<dict>
			<key>isa</key>
			<string>PBXFileReference</string>
			<key>lastKnownFileType</key>
			<string>file</string>
			<key>path</key>
			<string>SF-UI-Text-HeavyItalic.otf</string>
			<key>sourceTree</key>
			<string>&lt;group&gt;</string>
		</dict>
		<key>66631D0E1D0719C5007DDEB3</key>
		<dict>
			<key>isa</key>
			<string>PBXFileReference</string>
			<key>lastKnownFileType</key>
			<string>file</string>
			<key>path</key>
			<string>SF-UI-Text-Light.otf</string>
			<key>sourceTree</key>
			<string>&lt;group&gt;</string>
		</dict>
		<key>66631D0F1D0719C5007DDEB3</key>
		<dict>
			<key>isa</key>
			<string>PBXFileReference</string>
			<key>lastKnownFileType</key>
			<string>file</string>
			<key>path</key>
			<string>SF-UI-Text-LightItalic.otf</string>
			<key>sourceTree</key>
			<string>&lt;group&gt;</string>
		</dict>
		<key>66631D101D0719C5007DDEB3</key>
		<dict>
			<key>isa</key>
			<string>PBXFileReference</string>
			<key>lastKnownFileType</key>
			<string>file</string>
			<key>path</key>
			<string>SF-UI-Text-Medium.otf</string>
			<key>sourceTree</key>
			<string>&lt;group&gt;</string>
		</dict>
		<key>66631D111D0719C5007DDEB3</key>
		<dict>
			<key>isa</key>
			<string>PBXFileReference</string>
			<key>lastKnownFileType</key>
			<string>file</string>
			<key>path</key>
			<string>SF-UI-Text-MediumItalic.otf</string>
			<key>sourceTree</key>
			<string>&lt;group&gt;</string>
		</dict>
		<key>66631D121D0719C5007DDEB3</key>
		<dict>
			<key>isa</key>
			<string>PBXFileReference</string>
			<key>lastKnownFileType</key>
			<string>file</string>
			<key>path</key>
			<string>SF-UI-Text-Regular.otf</string>
			<key>sourceTree</key>
			<string>&lt;group&gt;</string>
		</dict>
		<key>66631D131D0719C5007DDEB3</key>
		<dict>
			<key>isa</key>
			<string>PBXFileReference</string>
			<key>lastKnownFileType</key>
			<string>file</string>
			<key>path</key>
			<string>SF-UI-Text-RegularItalic.otf</string>
			<key>sourceTree</key>
			<string>&lt;group&gt;</string>
		</dict>
		<key>66631D141D0719C5007DDEB3</key>
		<dict>
			<key>isa</key>
			<string>PBXFileReference</string>
			<key>lastKnownFileType</key>
			<string>file</string>
			<key>path</key>
			<string>SF-UI-Text-Semibold.otf</string>
			<key>sourceTree</key>
			<string>&lt;group&gt;</string>
		</dict>
		<key>66631D151D0719C5007DDEB3</key>
		<dict>
			<key>isa</key>
			<string>PBXFileReference</string>
			<key>lastKnownFileType</key>
			<string>file</string>
			<key>path</key>
			<string>SF-UI-Text-SemiboldItalic.otf</string>
			<key>sourceTree</key>
			<string>&lt;group&gt;</string>
		</dict>
		<key>66631D161D0719C5007DDEB3</key>
		<dict>
			<key>fileRef</key>
			<string>66631D011D0719C5007DDEB3</string>
			<key>isa</key>
			<string>PBXBuildFile</string>
		</dict>
		<key>66631D171D0719C5007DDEB3</key>
		<dict>
			<key>fileRef</key>
			<string>66631D021D0719C5007DDEB3</string>
			<key>isa</key>
			<string>PBXBuildFile</string>
		</dict>
		<key>66631D181D0719C5007DDEB3</key>
		<dict>
			<key>fileRef</key>
			<string>66631D031D0719C5007DDEB3</string>
			<key>isa</key>
			<string>PBXBuildFile</string>
		</dict>
		<key>66631D191D0719C5007DDEB3</key>
		<dict>
			<key>fileRef</key>
			<string>66631D041D0719C5007DDEB3</string>
			<key>isa</key>
			<string>PBXBuildFile</string>
		</dict>
		<key>66631D1A1D0719C5007DDEB3</key>
		<dict>
			<key>fileRef</key>
			<string>66631D051D0719C5007DDEB3</string>
			<key>isa</key>
			<string>PBXBuildFile</string>
		</dict>
		<key>66631D1B1D0719C5007DDEB3</key>
		<dict>
			<key>fileRef</key>
			<string>66631D061D0719C5007DDEB3</string>
			<key>isa</key>
			<string>PBXBuildFile</string>
		</dict>
		<key>66631D1C1D0719C5007DDEB3</key>
		<dict>
			<key>fileRef</key>
			<string>66631D071D0719C5007DDEB3</string>
			<key>isa</key>
			<string>PBXBuildFile</string>
		</dict>
		<key>66631D1D1D0719C5007DDEB3</key>
		<dict>
			<key>fileRef</key>
			<string>66631D081D0719C5007DDEB3</string>
			<key>isa</key>
			<string>PBXBuildFile</string>
		</dict>
		<key>66631D1E1D0719C5007DDEB3</key>
		<dict>
			<key>fileRef</key>
			<string>66631D091D0719C5007DDEB3</string>
			<key>isa</key>
			<string>PBXBuildFile</string>
		</dict>
		<key>66631D1F1D0719C5007DDEB3</key>
		<dict>
			<key>fileRef</key>
			<string>66631D0A1D0719C5007DDEB3</string>
			<key>isa</key>
			<string>PBXBuildFile</string>
		</dict>
		<key>66631D201D0719C5007DDEB3</key>
		<dict>
			<key>fileRef</key>
			<string>66631D0B1D0719C5007DDEB3</string>
			<key>isa</key>
			<string>PBXBuildFile</string>
		</dict>
		<key>66631D211D0719C5007DDEB3</key>
		<dict>
			<key>fileRef</key>
			<string>66631D0C1D0719C5007DDEB3</string>
			<key>isa</key>
			<string>PBXBuildFile</string>
		</dict>
		<key>66631D221D0719C5007DDEB3</key>
		<dict>
			<key>fileRef</key>
			<string>66631D0D1D0719C5007DDEB3</string>
			<key>isa</key>
			<string>PBXBuildFile</string>
		</dict>
		<key>66631D231D0719C5007DDEB3</key>
		<dict>
			<key>fileRef</key>
			<string>66631D0E1D0719C5007DDEB3</string>
			<key>isa</key>
			<string>PBXBuildFile</string>
		</dict>
		<key>66631D241D0719C5007DDEB3</key>
		<dict>
			<key>fileRef</key>
			<string>66631D0F1D0719C5007DDEB3</string>
			<key>isa</key>
			<string>PBXBuildFile</string>
		</dict>
		<key>66631D251D0719C5007DDEB3</key>
		<dict>
			<key>fileRef</key>
			<string>66631D101D0719C5007DDEB3</string>
			<key>isa</key>
			<string>PBXBuildFile</string>
		</dict>
		<key>66631D261D0719C5007DDEB3</key>
		<dict>
			<key>fileRef</key>
			<string>66631D111D0719C5007DDEB3</string>
			<key>isa</key>
			<string>PBXBuildFile</string>
		</dict>
		<key>66631D271D0719C5007DDEB3</key>
		<dict>
			<key>fileRef</key>
			<string>66631D121D0719C5007DDEB3</string>
			<key>isa</key>
			<string>PBXBuildFile</string>
		</dict>
		<key>66631D281D0719C5007DDEB3</key>
		<dict>
			<key>fileRef</key>
			<string>66631D131D0719C5007DDEB3</string>
			<key>isa</key>
			<string>PBXBuildFile</string>
		</dict>
		<key>66631D291D0719C5007DDEB3</key>
		<dict>
			<key>fileRef</key>
			<string>66631D141D0719C5007DDEB3</string>
			<key>isa</key>
			<string>PBXBuildFile</string>
		</dict>
		<key>66631D2A1D0719C5007DDEB3</key>
		<dict>
			<key>fileRef</key>
			<string>66631D151D0719C5007DDEB3</string>
			<key>isa</key>
			<string>PBXBuildFile</string>
		</dict>
		<key>6669611E1D118D4100E278ED</key>
		<dict>
			<key>fileEncoding</key>
			<string>4</string>
			<key>isa</key>
			<string>PBXFileReference</string>
			<key>lastKnownFileType</key>
			<string>sourcecode.swift</string>
			<key>path</key>
			<string>AddContactViewController.swift</string>
			<key>sourceTree</key>
			<string>&lt;group&gt;</string>
		</dict>
		<key>6669611F1D118D4100E278ED</key>
		<dict>
			<key>fileRef</key>
			<string>6669611E1D118D4100E278ED</string>
			<key>isa</key>
			<string>PBXBuildFile</string>
		</dict>
		<key>667108911D0F095800E7F721</key>
		<dict>
			<key>isa</key>
			<string>PBXFileReference</string>
			<key>lastKnownFileType</key>
			<string>file</string>
			<key>path</key>
			<string>tabBarDidSelectItem.m4a</string>
			<key>sourceTree</key>
			<string>&lt;group&gt;</string>
		</dict>
		<key>667108921D0F095800E7F721</key>
		<dict>
			<key>fileRef</key>
			<string>667108911D0F095800E7F721</string>
			<key>isa</key>
			<string>PBXBuildFile</string>
		</dict>
		<key>667DD66C1D086244001E2FE0</key>
		<dict>
			<key>buildActionMask</key>
			<string>2147483647</string>
			<key>files</key>
			<array/>
			<key>inputPaths</key>
			<array/>
			<key>isa</key>
			<string>PBXShellScriptBuildPhase</string>
			<key>outputPaths</key>
			<array/>
			<key>runOnlyForDeploymentPostprocessing</key>
			<string>0</string>
			<key>shellPath</key>
			<string>/bin/sh</string>
			<key>shellScript</key>
			<string>./Fabric.framework/run 734a53be9ed3ab0d49d14254d1172b11299f78dd 05c3f51996d30f081f56d013da134084b7e6f4ec9020588e80393c0b397fa527 </string>
		</dict>
		<key>667DD66D1D086262001E2FE0</key>
		<dict>
			<key>isa</key>
			<string>PBXFileReference</string>
			<key>lastKnownFileType</key>
			<string>wrapper.framework</string>
			<key>path</key>
			<string>Fabric.framework</string>
			<key>sourceTree</key>
			<string>SOURCE_ROOT</string>
		</dict>
		<key>667DD66E1D086262001E2FE0</key>
		<dict>
			<key>isa</key>
			<string>PBXFileReference</string>
			<key>lastKnownFileType</key>
			<string>wrapper.framework</string>
			<key>path</key>
			<string>DigitsKit.framework</string>
			<key>sourceTree</key>
			<string>SOURCE_ROOT</string>
		</dict>
		<key>667DD66F1D086262001E2FE0</key>
		<dict>
			<key>isa</key>
			<string>PBXFileReference</string>
			<key>lastKnownFileType</key>
			<string>wrapper.plug-in</string>
			<key>name</key>
			<string>DigitsKitResources.bundle</string>
			<key>path</key>
			<string>DigitsKit.framework/Versions/A/Resources/DigitsKitResources.bundle</string>
			<key>sourceTree</key>
			<string>SOURCE_ROOT</string>
		</dict>
		<key>667DD6701D086262001E2FE0</key>
		<dict>
			<key>isa</key>
			<string>PBXFileReference</string>
			<key>lastKnownFileType</key>
			<string>wrapper.framework</string>
			<key>path</key>
			<string>TwitterCore.framework</string>
			<key>sourceTree</key>
			<string>SOURCE_ROOT</string>
		</dict>
		<key>667DD6711D086262001E2FE0</key>
		<dict>
			<key>fileRef</key>
			<string>667DD66D1D086262001E2FE0</string>
			<key>isa</key>
			<string>PBXBuildFile</string>
		</dict>
		<key>667DD6721D086262001E2FE0</key>
		<dict>
			<key>fileRef</key>
			<string>667DD66E1D086262001E2FE0</string>
			<key>isa</key>
			<string>PBXBuildFile</string>
		</dict>
		<key>667DD6731D086262001E2FE0</key>
		<dict>
			<key>fileRef</key>
			<string>667DD66F1D086262001E2FE0</string>
			<key>isa</key>
			<string>PBXBuildFile</string>
		</dict>
		<key>667DD6741D086262001E2FE0</key>
		<dict>
			<key>fileRef</key>
			<string>667DD6701D086262001E2FE0</string>
			<key>isa</key>
			<string>PBXBuildFile</string>
		</dict>
		<key>66A236441D34BC1100AEB245</key>
		<dict>
			<key>fileEncoding</key>
			<string>4</string>
			<key>isa</key>
			<string>PBXFileReference</string>
			<key>lastKnownFileType</key>
			<string>sourcecode.swift</string>
			<key>path</key>
			<string>UploadAddressBookViewController.swift</string>
			<key>sourceTree</key>
			<string>&lt;group&gt;</string>
		</dict>
		<key>66A236451D34BC1100AEB245</key>
		<dict>
			<key>fileRef</key>
			<string>66A236441D34BC1100AEB245</string>
			<key>isa</key>
			<string>PBXBuildFile</string>
		</dict>
		<key>66A236481D34C91C00AEB245</key>
		<dict>
			<key>fileEncoding</key>
			<string>4</string>
			<key>isa</key>
			<string>PBXFileReference</string>
			<key>lastKnownFileType</key>
			<string>sourcecode.swift</string>
			<key>path</key>
			<string>ChatViewController.swift</string>
			<key>sourceTree</key>
			<string>&lt;group&gt;</string>
		</dict>
		<key>66A236491D34C91C00AEB245</key>
		<dict>
			<key>fileRef</key>
			<string>66A236481D34C91C00AEB245</string>
			<key>isa</key>
			<string>PBXBuildFile</string>
		</dict>
		<key>66A4EA591D11E5E900E91BF0</key>
		<dict>
			<key>children</key>
			<array>
				<string>667DD66D1D086262001E2FE0</string>
				<string>667DD66E1D086262001E2FE0</string>
				<string>667DD66F1D086262001E2FE0</string>
				<string>667DD6701D086262001E2FE0</string>
			</array>
			<key>isa</key>
			<string>PBXGroup</string>
			<key>path</key>
			<string>Frameworks</string>
			<key>sourceTree</key>
			<string>&lt;group&gt;</string>
		</dict>
		<key>66A7B05E1D083C9C000C8A87</key>
		<dict>
			<key>children</key>
			<array/>
			<key>isa</key>
			<string>PBXGroup</string>
			<key>path</key>
			<string>Models</string>
			<key>sourceTree</key>
			<string>&lt;group&gt;</string>
		</dict>
		<key>66A7B05F1D083CB7000C8A87</key>
		<dict>
			<key>children</key>
			<array>
				<string>66631CD11D0714D1007DDEB3</string>
				<string>66A7B0611D083D85000C8A87</string>
				<string>66FB579B1D0B33990080CF59</string>
				<string>66098E991D0C8320008D262F</string>
				<string>66FAB15E1D0DD2E400B83675</string>
				<string>6669611E1D118D4100E278ED</string>
				<string>66A236441D34BC1100AEB245</string>
				<string>66A236481D34C91C00AEB245</string>
			</array>
			<key>isa</key>
			<string>PBXGroup</string>
			<key>name</key>
			<string>ViewControllers</string>
			<key>path</key>
			<string>Models/ViewControllers</string>
			<key>sourceTree</key>
			<string>&lt;group&gt;</string>
		</dict>
		<key>66A7B0601D083D1E000C8A87</key>
		<dict>
			<key>children</key>
			<array>
				<string>667108911D0F095800E7F721</string>
				<string>66631CD61D0714D1007DDEB3</string>
				<string>66631CD31D0714D1007DDEB3</string>
				<string>66631CD91D0714D1007DDEB3</string>
				<string>66631CDB1D0714D1007DDEB3</string>
				<string>66BE01921D11FEF600F4009F</string>
				<string>66631CDE1D0714D1007DDEB3</string>
			</array>
			<key>isa</key>
			<string>PBXGroup</string>
			<key>path</key>
			<string>Assets</string>
			<key>sourceTree</key>
			<string>&lt;group&gt;</string>
		</dict>
		<key>66A7B0611D083D85000C8A87</key>
		<dict>
			<key>fileEncoding</key>
			<string>4</string>
			<key>isa</key>
			<string>PBXFileReference</string>
			<key>lastKnownFileType</key>
			<string>sourcecode.swift</string>
			<key>path</key>
			<string>ContentViewController.swift</string>
			<key>sourceTree</key>
			<string>&lt;group&gt;</string>
		</dict>
		<key>66A7B0621D083D85000C8A87</key>
		<dict>
			<key>fileRef</key>
			<string>66A7B0611D083D85000C8A87</string>
			<key>isa</key>
			<string>PBXBuildFile</string>
		</dict>
		<key>66BE01921D11FEF600F4009F</key>
		<dict>
			<key>fileEncoding</key>
			<string>4</string>
			<key>isa</key>
			<string>PBXFileReference</string>
			<key>lastKnownFileType</key>
			<string>text.plist.xml</string>
			<key>path</key>
			<string>GoogleService-Info.plist</string>
			<key>sourceTree</key>
			<string>&lt;group&gt;</string>
		</dict>
		<key>66BE01931D11FEF600F4009F</key>
		<dict>
			<key>fileRef</key>
			<string>66BE01921D11FEF600F4009F</string>
			<key>isa</key>
			<string>PBXBuildFile</string>
		</dict>
		<key>66FAB15E1D0DD2E400B83675</key>
		<dict>
			<key>fileEncoding</key>
			<string>4</string>
			<key>isa</key>
			<string>PBXFileReference</string>
			<key>lastKnownFileType</key>
			<string>sourcecode.swift</string>
			<key>path</key>
			<string>vraveeoTabBarController.swift</string>
			<key>sourceTree</key>
			<string>&lt;group&gt;</string>
		</dict>
		<key>66FAB15F1D0DD2E400B83675</key>
		<dict>
			<key>fileRef</key>
			<string>66FAB15E1D0DD2E400B83675</string>
			<key>isa</key>
			<string>PBXBuildFile</string>
		</dict>
		<key>66FB579B1D0B33990080CF59</key>
		<dict>
			<key>fileEncoding</key>
			<string>4</string>
			<key>isa</key>
			<string>PBXFileReference</string>
			<key>lastKnownFileType</key>
			<string>sourcecode.swift</string>
			<key>path</key>
			<string>ContactsTableViewController.swift</string>
			<key>sourceTree</key>
			<string>&lt;group&gt;</string>
		</dict>
		<key>66FB579C1D0B33990080CF59</key>
		<dict>
			<key>fileRef</key>
			<string>66FB579B1D0B33990080CF59</string>
			<key>isa</key>
			<string>PBXBuildFile</string>
		</dict>
		<key>6C1757DCD85FF41018296600</key>
		<dict>
			<key>buildActionMask</key>
			<string>2147483647</string>
			<key>files</key>
			<array/>
			<key>inputPaths</key>
			<array/>
			<key>isa</key>
			<string>PBXShellScriptBuildPhase</string>
			<key>name</key>
			<string>Check Pods Manifest.lock</string>
			<key>outputPaths</key>
			<array/>
			<key>runOnlyForDeploymentPostprocessing</key>
			<string>0</string>
			<key>shellPath</key>
			<string>/bin/sh</string>
			<key>shellScript</key>
			<string>diff "${PODS_ROOT}/../Podfile.lock" "${PODS_ROOT}/Manifest.lock" &gt; /dev/null
if [[ $? != 0 ]] ; then
    cat &lt;&lt; EOM
error: The sandbox is not in sync with the Podfile.lock. Run 'pod install' or update your CocoaPods installation.
EOM
    exit 1
fi
</string>
			<key>showEnvVarsInLog</key>
			<string>0</string>
		</dict>
		<key>CDCFFCCC01B06BDB92B111E4</key>
		<dict>
			<key>children</key>
			<array>
				<string>F6DC095E7CD67464CC1C5D45</string>
				<string>0D5E3500C93455EAFD0052C7</string>
			</array>
			<key>isa</key>
			<string>PBXGroup</string>
			<key>name</key>
			<string>Pods</string>
			<key>sourceTree</key>
			<string>&lt;group&gt;</string>
		</dict>
		<key>D17C4E96EA84E02F02FFF7AA</key>
		<dict>
			<key>buildActionMask</key>
			<string>2147483647</string>
			<key>files</key>
			<array/>
			<key>inputPaths</key>
			<array/>
			<key>isa</key>
			<string>PBXShellScriptBuildPhase</string>
			<key>name</key>
			<string>Copy Pods Resources</string>
			<key>outputPaths</key>
			<array/>
			<key>runOnlyForDeploymentPostprocessing</key>
			<string>0</string>
			<key>shellPath</key>
			<string>/bin/sh</string>
			<key>shellScript</key>
			<string>"${SRCROOT}/Pods/Target Support Files/Pods-vraveeo/Pods-vraveeo-resources.sh"
</string>
			<key>showEnvVarsInLog</key>
			<string>0</string>
		</dict>
		<key>F6DC095E7CD67464CC1C5D45</key>
		<dict>
			<key>includeInIndex</key>
			<string>1</string>
			<key>isa</key>
			<string>PBXFileReference</string>
			<key>lastKnownFileType</key>
			<string>text.xcconfig</string>
			<key>name</key>
			<string>Pods-vraveeo.debug.xcconfig</string>
			<key>path</key>
			<string>Pods/Target Support Files/Pods-vraveeo/Pods-vraveeo.debug.xcconfig</string>
			<key>sourceTree</key>
			<string>&lt;group&gt;</string>
		</dict>
	</dict>
	<key>rootObject</key>
	<string>66631CC41D0714D0007DDEB3</string>
</dict>
</plist>
